// !$*UTF8*$!
{
	archiveVersion = 1;
	classes = {
	};
	objectVersion = 50;
	objects = {

/* Begin PBXBuildFile section */
		A996F72E2147EBDF008C0E20 /* MyTableCell.swift in Sources */ = {isa = PBXBuildFile; fileRef = A996F72D2147EBDF008C0E20 /* MyTableCell.swift */; };
		A996F730214941D3008C0E20 /* CreateOrderVC.swift in Sources */ = {isa = PBXBuildFile; fileRef = A996F72F214941D3008C0E20 /* CreateOrderVC.swift */; };
		A996F73221494ECD008C0E20 /* UserCell.swift in Sources */ = {isa = PBXBuildFile; fileRef = A996F73121494ECD008C0E20 /* UserCell.swift */; };
		A9C0DE4721341ACF0024C21A /* AppDelegate.swift in Sources */ = {isa = PBXBuildFile; fileRef = A9C0DE4621341ACF0024C21A /* AppDelegate.swift */; };
		A9C0DE4921341ACF0024C21A /* FeedVC.swift in Sources */ = {isa = PBXBuildFile; fileRef = A9C0DE4821341ACF0024C21A /* FeedVC.swift */; };
		A9C0DE4B21341ACF0024C21A /* OrdersVC.swift in Sources */ = {isa = PBXBuildFile; fileRef = A9C0DE4A21341ACF0024C21A /* OrdersVC.swift */; };
		A9C0DE4E21341ACF0024C21A /* Main.storyboard in Resources */ = {isa = PBXBuildFile; fileRef = A9C0DE4C21341ACF0024C21A /* Main.storyboard */; };
		A9C0DE5021341AD40024C21A /* Assets.xcassets in Resources */ = {isa = PBXBuildFile; fileRef = A9C0DE4F21341AD40024C21A /* Assets.xcassets */; };
		A9C0DE5321341AD40024C21A /* LaunchScreen.storyboard in Resources */ = {isa = PBXBuildFile; fileRef = A9C0DE5121341AD40024C21A /* LaunchScreen.storyboard */; };
		A9C0DE602134617B0024C21A /* GoogleService-Info.plist in Resources */ = {isa = PBXBuildFile; fileRef = A9C0DE5F2134617B0024C21A /* GoogleService-Info.plist */; };
		A9C0DE62213463DB0024C21A /* DataService.swift in Sources */ = {isa = PBXBuildFile; fileRef = A9C0DE61213463DB0024C21A /* DataService.swift */; };
		A9C0DE642135605C0024C21A /* SignInVC.swift in Sources */ = {isa = PBXBuildFile; fileRef = A9C0DE632135605C0024C21A /* SignInVC.swift */; };
		A9C0DE662135609B0024C21A /* SignUpVC.swift in Sources */ = {isa = PBXBuildFile; fileRef = A9C0DE652135609B0024C21A /* SignUpVC.swift */; };
		A9C0DE68213560F10024C21A /* InsetTextField.swift in Sources */ = {isa = PBXBuildFile; fileRef = A9C0DE67213560F10024C21A /* InsetTextField.swift */; };
		A9C0DE6A213577070024C21A /* ShadowView.swift in Sources */ = {isa = PBXBuildFile; fileRef = A9C0DE69213577060024C21A /* ShadowView.swift */; };
		A9C0DE6C21358FA20024C21A /* AuthService.swift in Sources */ = {isa = PBXBuildFile; fileRef = A9C0DE6B21358FA20024C21A /* AuthService.swift */; };
		A9C0DE6E213AAF120024C21A /* MeVC.swift in Sources */ = {isa = PBXBuildFile; fileRef = A9C0DE6D213AAF120024C21A /* MeVC.swift */; };
		A9C0DE70213E997C0024C21A /* CreatePostVC.swift in Sources */ = {isa = PBXBuildFile; fileRef = A9C0DE6F213E997C0024C21A /* CreatePostVC.swift */; };
		A9C0DE72213EA13A0024C21A /* UIViewExt.swift in Sources */ = {isa = PBXBuildFile; fileRef = A9C0DE71213EA13A0024C21A /* UIViewExt.swift */; };
		A9C0DE74213EB7650024C21A /* FeedCell.swift in Sources */ = {isa = PBXBuildFile; fileRef = A9C0DE73213EB7650024C21A /* FeedCell.swift */; };
		A9C0DE76213EBC240024C21A /* Message.swift in Sources */ = {isa = PBXBuildFile; fileRef = A9C0DE75213EBC240024C21A /* Message.swift */; };
		D7EAB019BEA1462562139A80 /* Pods_ExchangePlatform.framework in Frameworks */ = {isa = PBXBuildFile; fileRef = B62D9CD68AB6CC6A9A693F63 /* Pods_ExchangePlatform.framework */; };
/* End PBXBuildFile section */

/* Begin PBXFileReference section */
		85B0B531CD8A84EE66C658D7 /* Pods-ExchangePlatform.debug.xcconfig */ = {isa = PBXFileReference; includeInIndex = 1; lastKnownFileType = text.xcconfig; name = "Pods-ExchangePlatform.debug.xcconfig"; path = "Pods/Target Support Files/Pods-ExchangePlatform/Pods-ExchangePlatform.debug.xcconfig"; sourceTree = "<group>"; };
		8BBBFEF2E8B131C8A1A29001 /* Pods-ExchangePlatform.release.xcconfig */ = {isa = PBXFileReference; includeInIndex = 1; lastKnownFileType = text.xcconfig; name = "Pods-ExchangePlatform.release.xcconfig"; path = "Pods/Target Support Files/Pods-ExchangePlatform/Pods-ExchangePlatform.release.xcconfig"; sourceTree = "<group>"; };
		A996F72D2147EBDF008C0E20 /* MyTableCell.swift */ = {isa = PBXFileReference; lastKnownFileType = sourcecode.swift; path = MyTableCell.swift; sourceTree = "<group>"; };
		A996F72F214941D3008C0E20 /* CreateOrderVC.swift */ = {isa = PBXFileReference; lastKnownFileType = sourcecode.swift; path = CreateOrderVC.swift; sourceTree = "<group>"; };
		A996F73121494ECD008C0E20 /* UserCell.swift */ = {isa = PBXFileReference; lastKnownFileType = sourcecode.swift; path = UserCell.swift; sourceTree = "<group>"; };
		A9C0DE4321341ACF0024C21A /* ExchangePlatform.app */ = {isa = PBXFileReference; explicitFileType = wrapper.application; includeInIndex = 0; path = ExchangePlatform.app; sourceTree = BUILT_PRODUCTS_DIR; };
		A9C0DE4621341ACF0024C21A /* AppDelegate.swift */ = {isa = PBXFileReference; lastKnownFileType = sourcecode.swift; path = AppDelegate.swift; sourceTree = "<group>"; };
		A9C0DE4821341ACF0024C21A /* FeedVC.swift */ = {isa = PBXFileReference; lastKnownFileType = sourcecode.swift; path = FeedVC.swift; sourceTree = "<group>"; };
		A9C0DE4A21341ACF0024C21A /* OrdersVC.swift */ = {isa = PBXFileReference; lastKnownFileType = sourcecode.swift; path = OrdersVC.swift; sourceTree = "<group>"; };
		A9C0DE4D21341ACF0024C21A /* Base */ = {isa = PBXFileReference; lastKnownFileType = file.storyboard; name = Base; path = Base.lproj/Main.storyboard; sourceTree = "<group>"; };
		A9C0DE4F21341AD40024C21A /* Assets.xcassets */ = {isa = PBXFileReference; lastKnownFileType = folder.assetcatalog; path = Assets.xcassets; sourceTree = "<group>"; };
		A9C0DE5221341AD40024C21A /* Base */ = {isa = PBXFileReference; lastKnownFileType = file.storyboard; name = Base; path = Base.lproj/LaunchScreen.storyboard; sourceTree = "<group>"; };
		A9C0DE5421341AD40024C21A /* Info.plist */ = {isa = PBXFileReference; lastKnownFileType = text.plist.xml; path = Info.plist; sourceTree = "<group>"; };
		A9C0DE5F2134617B0024C21A /* GoogleService-Info.plist */ = {isa = PBXFileReference; fileEncoding = 4; lastKnownFileType = text.plist.xml; name = "GoogleService-Info.plist"; path = "../../../../Downloads/GoogleService-Info.plist"; sourceTree = "<group>"; };
		A9C0DE61213463DB0024C21A /* DataService.swift */ = {isa = PBXFileReference; lastKnownFileType = sourcecode.swift; path = DataService.swift; sourceTree = "<group>"; };
		A9C0DE632135605C0024C21A /* SignInVC.swift */ = {isa = PBXFileReference; lastKnownFileType = sourcecode.swift; path = SignInVC.swift; sourceTree = "<group>"; };
		A9C0DE652135609B0024C21A /* SignUpVC.swift */ = {isa = PBXFileReference; lastKnownFileType = sourcecode.swift; path = SignUpVC.swift; sourceTree = "<group>"; };
		A9C0DE67213560F10024C21A /* InsetTextField.swift */ = {isa = PBXFileReference; lastKnownFileType = sourcecode.swift; path = InsetTextField.swift; sourceTree = "<group>"; };
		A9C0DE69213577060024C21A /* ShadowView.swift */ = {isa = PBXFileReference; lastKnownFileType = sourcecode.swift; path = ShadowView.swift; sourceTree = "<group>"; };
		A9C0DE6B21358FA20024C21A /* AuthService.swift */ = {isa = PBXFileReference; lastKnownFileType = sourcecode.swift; path = AuthService.swift; sourceTree = "<group>"; };
		A9C0DE6D213AAF120024C21A /* MeVC.swift */ = {isa = PBXFileReference; lastKnownFileType = sourcecode.swift; path = MeVC.swift; sourceTree = "<group>"; };
		A9C0DE6F213E997C0024C21A /* CreatePostVC.swift */ = {isa = PBXFileReference; lastKnownFileType = sourcecode.swift; path = CreatePostVC.swift; sourceTree = "<group>"; };
		A9C0DE71213EA13A0024C21A /* UIViewExt.swift */ = {isa = PBXFileReference; lastKnownFileType = sourcecode.swift; path = UIViewExt.swift; sourceTree = "<group>"; };
		A9C0DE73213EB7650024C21A /* FeedCell.swift */ = {isa = PBXFileReference; lastKnownFileType = sourcecode.swift; path = FeedCell.swift; sourceTree = "<group>"; };
		A9C0DE75213EBC240024C21A /* Message.swift */ = {isa = PBXFileReference; lastKnownFileType = sourcecode.swift; path = Message.swift; sourceTree = "<group>"; };
		B62D9CD68AB6CC6A9A693F63 /* Pods_ExchangePlatform.framework */ = {isa = PBXFileReference; explicitFileType = wrapper.framework; includeInIndex = 0; path = Pods_ExchangePlatform.framework; sourceTree = BUILT_PRODUCTS_DIR; };
/* End PBXFileReference section */

/* Begin PBXFrameworksBuildPhase section */
		A9C0DE4021341ACF0024C21A /* Frameworks */ = {
			isa = PBXFrameworksBuildPhase;
			buildActionMask = 2147483647;
			files = (
				D7EAB019BEA1462562139A80 /* Pods_ExchangePlatform.framework in Frameworks */,
			);
			runOnlyForDeploymentPostprocessing = 0;
		};
/* End PBXFrameworksBuildPhase section */

/* Begin PBXGroup section */
		5D733F055935177B35255803 /* Frameworks */ = {
			isa = PBXGroup;
			children = (
				B62D9CD68AB6CC6A9A693F63 /* Pods_ExchangePlatform.framework */,
			);
			name = Frameworks;
			sourceTree = "<group>";
		};
		95DADB286369489E01C565F3 /* Pods */ = {
			isa = PBXGroup;
			children = (
				85B0B531CD8A84EE66C658D7 /* Pods-ExchangePlatform.debug.xcconfig */,
				8BBBFEF2E8B131C8A1A29001 /* Pods-ExchangePlatform.release.xcconfig */,
			);
			name = Pods;
			sourceTree = "<group>";
		};
		A9C0DE3A21341ACF0024C21A = {
			isa = PBXGroup;
			children = (
				A9C0DE4521341ACF0024C21A /* ExchangePlatform */,
				A9C0DE4421341ACF0024C21A /* Products */,
				95DADB286369489E01C565F3 /* Pods */,
				5D733F055935177B35255803 /* Frameworks */,
			);
			sourceTree = "<group>";
		};
		A9C0DE4421341ACF0024C21A /* Products */ = {
			isa = PBXGroup;
			children = (
				A9C0DE4321341ACF0024C21A /* ExchangePlatform.app */,
			);
			name = Products;
			sourceTree = "<group>";
		};
		A9C0DE4521341ACF0024C21A /* ExchangePlatform */ = {
			isa = PBXGroup;
			children = (
				A9C0DE5E21341B7B0024C21A /* Services */,
				A9C0DE5D21341B570024C21A /* Extensions */,
				A9C0DE5C21341B3B0024C21A /* Model */,
				A9C0DE5B21341B300024C21A /* View */,
				A9C0DE5A21341B1F0024C21A /* Controller */,
				A9C0DE4621341ACF0024C21A /* AppDelegate.swift */,
				A9C0DE4C21341ACF0024C21A /* Main.storyboard */,
				A9C0DE4F21341AD40024C21A /* Assets.xcassets */,
				A9C0DE5121341AD40024C21A /* LaunchScreen.storyboard */,
				A9C0DE5421341AD40024C21A /* Info.plist */,
				A9C0DE5F2134617B0024C21A /* GoogleService-Info.plist */,
			);
			path = ExchangePlatform;
			sourceTree = "<group>";
		};
		A9C0DE5A21341B1F0024C21A /* Controller */ = {
			isa = PBXGroup;
			children = (
				A9C0DE6D213AAF120024C21A /* MeVC.swift */,
				A9C0DE4821341ACF0024C21A /* FeedVC.swift */,
				A9C0DE632135605C0024C21A /* SignInVC.swift */,
				A9C0DE652135609B0024C21A /* SignUpVC.swift */,
				A9C0DE6F213E997C0024C21A /* CreatePostVC.swift */,
				A9C0DE4A21341ACF0024C21A /* OrdersVC.swift */,
				A996F72F214941D3008C0E20 /* CreateOrderVC.swift */,
			);
			path = Controller;
			sourceTree = "<group>";
		};
		A9C0DE5B21341B300024C21A /* View */ = {
			isa = PBXGroup;
			children = (
				A9C0DE67213560F10024C21A /* InsetTextField.swift */,
				A9C0DE69213577060024C21A /* ShadowView.swift */,
				A9C0DE73213EB7650024C21A /* FeedCell.swift */,
				A996F72D2147EBDF008C0E20 /* MyTableCell.swift */,
				A996F73121494ECD008C0E20 /* UserCell.swift */,
			);
			path = View;
			sourceTree = "<group>";
		};
		A9C0DE5C21341B3B0024C21A /* Model */ = {
			isa = PBXGroup;
			children = (
				A9C0DE75213EBC240024C21A /* Message.swift */,
			);
			path = Model;
			sourceTree = "<group>";
		};
		A9C0DE5D21341B570024C21A /* Extensions */ = {
			isa = PBXGroup;
			children = (
				A9C0DE71213EA13A0024C21A /* UIViewExt.swift */,
			);
			path = Extensions;
			sourceTree = "<group>";
		};
		A9C0DE5E21341B7B0024C21A /* Services */ = {
			isa = PBXGroup;
			children = (
				A9C0DE6B21358FA20024C21A /* AuthService.swift */,
				A9C0DE61213463DB0024C21A /* DataService.swift */,
			);
			path = Services;
			sourceTree = "<group>";
		};
/* End PBXGroup section */

/* Begin PBXNativeTarget section */
		A9C0DE4221341ACF0024C21A /* ExchangePlatform */ = {
			isa = PBXNativeTarget;
			buildConfigurationList = A9C0DE5721341AD40024C21A /* Build configuration list for PBXNativeTarget "ExchangePlatform" */;
			buildPhases = (
				9D6731CFB28808693C9FD850 /* [CP] Check Pods Manifest.lock */,
				A9C0DE3F21341ACF0024C21A /* Sources */,
				A9C0DE4021341ACF0024C21A /* Frameworks */,
				A9C0DE4121341ACF0024C21A /* Resources */,
				212CDDB5E862EEC3DDBAB64B /* [CP] Embed Pods Frameworks */,
			);
			buildRules = (
			);
			dependencies = (
			);
			name = ExchangePlatform;
			productName = ExchangePlatform;
			productReference = A9C0DE4321341ACF0024C21A /* ExchangePlatform.app */;
			productType = "com.apple.product-type.application";
		};
/* End PBXNativeTarget section */

/* Begin PBXProject section */
		A9C0DE3B21341ACF0024C21A /* Project object */ = {
			isa = PBXProject;
			attributes = {
				LastSwiftUpdateCheck = 0940;
				LastUpgradeCheck = 0940;
				ORGANIZATIONNAME = "Константин Клинов";
				TargetAttributes = {
					A9C0DE4221341ACF0024C21A = {
						CreatedOnToolsVersion = 9.4.1;
					};
				};
			};
			buildConfigurationList = A9C0DE3E21341ACF0024C21A /* Build configuration list for PBXProject "ExchangePlatform" */;
			compatibilityVersion = "Xcode 9.3";
			developmentRegion = en;
			hasScannedForEncodings = 0;
			knownRegions = (
				en,
				Base,
			);
			mainGroup = A9C0DE3A21341ACF0024C21A;
			productRefGroup = A9C0DE4421341ACF0024C21A /* Products */;
			projectDirPath = "";
			projectRoot = "";
			targets = (
				A9C0DE4221341ACF0024C21A /* ExchangePlatform */,
			);
		};
/* End PBXProject section */

/* Begin PBXResourcesBuildPhase section */
		A9C0DE4121341ACF0024C21A /* Resources */ = {
			isa = PBXResourcesBuildPhase;
			buildActionMask = 2147483647;
			files = (
				A9C0DE5321341AD40024C21A /* LaunchScreen.storyboard in Resources */,
				A9C0DE602134617B0024C21A /* GoogleService-Info.plist in Resources */,
				A9C0DE5021341AD40024C21A /* Assets.xcassets in Resources */,
				A9C0DE4E21341ACF0024C21A /* Main.storyboard in Resources */,
			);
			runOnlyForDeploymentPostprocessing = 0;
		};
/* End PBXResourcesBuildPhase section */

/* Begin PBXShellScriptBuildPhase section */
		212CDDB5E862EEC3DDBAB64B /* [CP] Embed Pods Frameworks */ = {
			isa = PBXShellScriptBuildPhase;
			buildActionMask = 2147483647;
			files = (
			);
			inputPaths = (
				"${SRCROOT}/Pods/Target Support Files/Pods-ExchangePlatform/Pods-ExchangePlatform-frameworks.sh",
				"${BUILT_PRODUCTS_DIR}/GTMSessionFetcher/GTMSessionFetcher.framework",
				"${BUILT_PRODUCTS_DIR}/GoogleUtilities/GoogleUtilities.framework",
				"${BUILT_PRODUCTS_DIR}/leveldb-library/leveldb.framework",
				"${BUILT_PRODUCTS_DIR}/nanopb/nanopb.framework",
			);
			name = "[CP] Embed Pods Frameworks";
			outputPaths = (
				"${TARGET_BUILD_DIR}/${FRAMEWORKS_FOLDER_PATH}/GTMSessionFetcher.framework",
				"${TARGET_BUILD_DIR}/${FRAMEWORKS_FOLDER_PATH}/GoogleUtilities.framework",
				"${TARGET_BUILD_DIR}/${FRAMEWORKS_FOLDER_PATH}/leveldb.framework",
				"${TARGET_BUILD_DIR}/${FRAMEWORKS_FOLDER_PATH}/nanopb.framework",
			);
			runOnlyForDeploymentPostprocessing = 0;
			shellPath = /bin/sh;
			shellScript = "\"${SRCROOT}/Pods/Target Support Files/Pods-ExchangePlatform/Pods-ExchangePlatform-frameworks.sh\"\n";
			showEnvVarsInLog = 0;
		};
		9D6731CFB28808693C9FD850 /* [CP] Check Pods Manifest.lock */ = {
			isa = PBXShellScriptBuildPhase;
			buildActionMask = 2147483647;
			files = (
			);
			inputPaths = (
				"${PODS_PODFILE_DIR_PATH}/Podfile.lock",
				"${PODS_ROOT}/Manifest.lock",
			);
			name = "[CP] Check Pods Manifest.lock";
			outputPaths = (
				"$(DERIVED_FILE_DIR)/Pods-ExchangePlatform-checkManifestLockResult.txt",
			);
			runOnlyForDeploymentPostprocessing = 0;
			shellPath = /bin/sh;
			shellScript = "diff \"${PODS_PODFILE_DIR_PATH}/Podfile.lock\" \"${PODS_ROOT}/Manifest.lock\" > /dev/null\nif [ $? != 0 ] ; then\n    # print error to STDERR\n    echo \"error: The sandbox is not in sync with the Podfile.lock. Run 'pod install' or update your CocoaPods installation.\" >&2\n    exit 1\nfi\n# This output is used by Xcode 'outputs' to avoid re-running this script phase.\necho \"SUCCESS\" > \"${SCRIPT_OUTPUT_FILE_0}\"\n";
			showEnvVarsInLog = 0;
		};
/* End PBXShellScriptBuildPhase section */

/* Begin PBXSourcesBuildPhase section */
		A9C0DE3F21341ACF0024C21A /* Sources */ = {
			isa = PBXSourcesBuildPhase;
			buildActionMask = 2147483647;
			files = (
				A9C0DE72213EA13A0024C21A /* UIViewExt.swift in Sources */,
				A9C0DE74213EB7650024C21A /* FeedCell.swift in Sources */,
				A9C0DE4B21341ACF0024C21A /* OrdersVC.swift in Sources */,
				A9C0DE6E213AAF120024C21A /* MeVC.swift in Sources */,
				A996F73221494ECD008C0E20 /* UserCell.swift in Sources */,
				A9C0DE4721341ACF0024C21A /* AppDelegate.swift in Sources */,
				A9C0DE4921341ACF0024C21A /* FeedVC.swift in Sources */,
				A9C0DE6C21358FA20024C21A /* AuthService.swift in Sources */,
				A996F730214941D3008C0E20 /* CreateOrderVC.swift in Sources */,
				A9C0DE62213463DB0024C21A /* DataService.swift in Sources */,
				A996F72E2147EBDF008C0E20 /* MyTableCell.swift in Sources */,
				A9C0DE6A213577070024C21A /* ShadowView.swift in Sources */,
				A9C0DE70213E997C0024C21A /* CreatePostVC.swift in Sources */,
				A9C0DE662135609B0024C21A /* SignUpVC.swift in Sources */,
				A9C0DE68213560F10024C21A /* InsetTextField.swift in Sources */,
				A9C0DE642135605C0024C21A /* SignInVC.swift in Sources */,
				A9C0DE76213EBC240024C21A /* Message.swift in Sources */,
			);
			runOnlyForDeploymentPostprocessing = 0;
		};
/* End PBXSourcesBuildPhase section */

/* Begin PBXVariantGroup section */
		A9C0DE4C21341ACF0024C21A /* Main.storyboard */ = {
			isa = PBXVariantGroup;
			children = (
				A9C0DE4D21341ACF0024C21A /* Base */,
			);
			name = Main.storyboard;
			sourceTree = "<group>";
		};
		A9C0DE5121341AD40024C21A /* LaunchScreen.storyboard */ = {
			isa = PBXVariantGroup;
			children = (
				A9C0DE5221341AD40024C21A /* Base */,
			);
			name = LaunchScreen.storyboard;
			sourceTree = "<group>";
		};
/* End PBXVariantGroup section */

/* Begin XCBuildConfiguration section */
		A9C0DE5521341AD40024C21A /* Debug */ = {
			isa = XCBuildConfiguration;
			buildSettings = {
				ALWAYS_SEARCH_USER_PATHS = NO;
				CLANG_ANALYZER_NONNULL = YES;
				CLANG_ANALYZER_NUMBER_OBJECT_CONVERSION = YES_AGGRESSIVE;
				CLANG_CXX_LANGUAGE_STANDARD = "gnu++14";
				CLANG_CXX_LIBRARY = "libc++";
				CLANG_ENABLE_MODULES = YES;
				CLANG_ENABLE_OBJC_ARC = YES;
				CLANG_ENABLE_OBJC_WEAK = YES;
				CLANG_WARN_BLOCK_CAPTURE_AUTORELEASING = YES;
				CLANG_WARN_BOOL_CONVERSION = YES;
				CLANG_WARN_COMMA = YES;
				CLANG_WARN_CONSTANT_CONVERSION = YES;
				CLANG_WARN_DEPRECATED_OBJC_IMPLEMENTATIONS = YES;
				CLANG_WARN_DIRECT_OBJC_ISA_USAGE = YES_ERROR;
				CLANG_WARN_DOCUMENTATION_COMMENTS = YES;
				CLANG_WARN_EMPTY_BODY = YES;
				CLANG_WARN_ENUM_CONVERSION = YES;
				CLANG_WARN_INFINITE_RECURSION = YES;
				CLANG_WARN_INT_CONVERSION = YES;
				CLANG_WARN_NON_LITERAL_NULL_CONVERSION = YES;
				CLANG_WARN_OBJC_IMPLICIT_RETAIN_SELF = YES;
				CLANG_WARN_OBJC_LITERAL_CONVERSION = YES;
				CLANG_WARN_OBJC_ROOT_CLASS = YES_ERROR;
				CLANG_WARN_RANGE_LOOP_ANALYSIS = YES;
				CLANG_WARN_STRICT_PROTOTYPES = YES;
				CLANG_WARN_SUSPICIOUS_MOVE = YES;
				CLANG_WARN_UNGUARDED_AVAILABILITY = YES_AGGRESSIVE;
				CLANG_WARN_UNREACHABLE_CODE = YES;
				CLANG_WARN__DUPLICATE_METHOD_MATCH = YES;
				CODE_SIGN_IDENTITY = "iPhone Developer";
				COPY_PHASE_STRIP = NO;
				DEBUG_INFORMATION_FORMAT = dwarf;
				ENABLE_STRICT_OBJC_MSGSEND = YES;
				ENABLE_TESTABILITY = YES;
				GCC_C_LANGUAGE_STANDARD = gnu11;
				GCC_DYNAMIC_NO_PIC = NO;
				GCC_NO_COMMON_BLOCKS = YES;
				GCC_OPTIMIZATION_LEVEL = 0;
				GCC_PREPROCESSOR_DEFINITIONS = (
					"DEBUG=1",
					"$(inherited)",
				);
				GCC_WARN_64_TO_32_BIT_CONVERSION = YES;
				GCC_WARN_ABOUT_RETURN_TYPE = YES_ERROR;
				GCC_WARN_UNDECLARED_SELECTOR = YES;
				GCC_WARN_UNINITIALIZED_AUTOS = YES_AGGRESSIVE;
				GCC_WARN_UNUSED_FUNCTION = YES;
				GCC_WARN_UNUSED_VARIABLE = YES;
				IPHONEOS_DEPLOYMENT_TARGET = 11.4;
				MTL_ENABLE_DEBUG_INFO = YES;
				ONLY_ACTIVE_ARCH = YES;
				SDKROOT = iphoneos;
				SWIFT_ACTIVE_COMPILATION_CONDITIONS = DEBUG;
				SWIFT_OPTIMIZATION_LEVEL = "-Onone";
			};
			name = Debug;
		};
		A9C0DE5621341AD40024C21A /* Release */ = {
			isa = XCBuildConfiguration;
			buildSettings = {
				ALWAYS_SEARCH_USER_PATHS = NO;
				CLANG_ANALYZER_NONNULL = YES;
				CLANG_ANALYZER_NUMBER_OBJECT_CONVERSION = YES_AGGRESSIVE;
				CLANG_CXX_LANGUAGE_STANDARD = "gnu++14";
				CLANG_CXX_LIBRARY = "libc++";
				CLANG_ENABLE_MODULES = YES;
				CLANG_ENABLE_OBJC_ARC = YES;
				CLANG_ENABLE_OBJC_WEAK = YES;
				CLANG_WARN_BLOCK_CAPTURE_AUTORELEASING = YES;
				CLANG_WARN_BOOL_CONVERSION = YES;
				CLANG_WARN_COMMA = YES;
				CLANG_WARN_CONSTANT_CONVERSION = YES;
				CLANG_WARN_DEPRECATED_OBJC_IMPLEMENTATIONS = YES;
				CLANG_WARN_DIRECT_OBJC_ISA_USAGE = YES_ERROR;
				CLANG_WARN_DOCUMENTATION_COMMENTS = YES;
				CLANG_WARN_EMPTY_BODY = YES;
				CLANG_WARN_ENUM_CONVERSION = YES;
				CLANG_WARN_INFINITE_RECURSION = YES;
				CLANG_WARN_INT_CONVERSION = YES;
				CLANG_WARN_NON_LITERAL_NULL_CONVERSION = YES;
				CLANG_WARN_OBJC_IMPLICIT_RETAIN_SELF = YES;
				CLANG_WARN_OBJC_LITERAL_CONVERSION = YES;
				CLANG_WARN_OBJC_ROOT_CLASS = YES_ERROR;
				CLANG_WARN_RANGE_LOOP_ANALYSIS = YES;
				CLANG_WARN_STRICT_PROTOTYPES = YES;
				CLANG_WARN_SUSPICIOUS_MOVE = YES;
				CLANG_WARN_UNGUARDED_AVAILABILITY = YES_AGGRESSIVE;
				CLANG_WARN_UNREACHABLE_CODE = YES;
				CLANG_WARN__DUPLICATE_METHOD_MATCH = YES;
				CODE_SIGN_IDENTITY = "iPhone Developer";
				COPY_PHASE_STRIP = NO;
				DEBUG_INFORMATION_FORMAT = "dwarf-with-dsym";
				ENABLE_NS_ASSERTIONS = NO;
				ENABLE_STRICT_OBJC_MSGSEND = YES;
				GCC_C_LANGUAGE_STANDARD = gnu11;
				GCC_NO_COMMON_BLOCKS = YES;
				GCC_WARN_64_TO_32_BIT_CONVERSION = YES;
				GCC_WARN_ABOUT_RETURN_TYPE = YES_ERROR;
				GCC_WARN_UNDECLARED_SELECTOR = YES;
				GCC_WARN_UNINITIALIZED_AUTOS = YES_AGGRESSIVE;
				GCC_WARN_UNUSED_FUNCTION = YES;
				GCC_WARN_UNUSED_VARIABLE = YES;
				IPHONEOS_DEPLOYMENT_TARGET = 11.4;
				MTL_ENABLE_DEBUG_INFO = NO;
				SDKROOT = iphoneos;
				SWIFT_COMPILATION_MODE = wholemodule;
				SWIFT_OPTIMIZATION_LEVEL = "-O";
				VALIDATE_PRODUCT = YES;
			};
			name = Release;
		};
		A9C0DE5821341AD40024C21A /* Debug */ = {
			isa = XCBuildConfiguration;
			baseConfigurationReference = 85B0B531CD8A84EE66C658D7 /* Pods-ExchangePlatform.debug.xcconfig */;
			buildSettings = {
				ASSETCATALOG_COMPILER_APPICON_NAME = AppIcon;
				CODE_SIGN_STYLE = Automatic;
				DEVELOPMENT_TEAM = 2UBDP9T662;
				INFOPLIST_FILE = ExchangePlatform/Info.plist;
				LD_RUNPATH_SEARCH_PATHS = (
					"$(inherited)",
					"@executable_path/Frameworks",
				);
				PRODUCT_BUNDLE_IDENTIFIER = KKi.ExchangePlatform;
				PRODUCT_NAME = "$(TARGET_NAME)";
				SWIFT_VERSION = 4.0;
				TARGETED_DEVICE_FAMILY = "1,2";
			};
			name = Debug;
		};
		A9C0DE5921341AD40024C21A /* Release */ = {
			isa = XCBuildConfiguration;
			baseConfigurationReference = 8BBBFEF2E8B131C8A1A29001 /* Pods-ExchangePlatform.release.xcconfig */;
			buildSettings = {
				ASSETCATALOG_COMPILER_APPICON_NAME = AppIcon;
				CODE_SIGN_STYLE = Automatic;
				DEVELOPMENT_TEAM = 2UBDP9T662;
				INFOPLIST_FILE = ExchangePlatform/Info.plist;
				LD_RUNPATH_SEARCH_PATHS = (
					"$(inherited)",
					"@executable_path/Frameworks",
				);
				PRODUCT_BUNDLE_IDENTIFIER = KKi.ExchangePlatform;
				PRODUCT_NAME = "$(TARGET_NAME)";
				SWIFT_VERSION = 4.0;
				TARGETED_DEVICE_FAMILY = "1,2";
			};
			name = Release;
		};
/* End XCBuildConfiguration section */

/* Begin XCConfigurationList section */
		A9C0DE3E21341ACF0024C21A /* Build configuration list for PBXProject "ExchangePlatform" */ = {
			isa = XCConfigurationList;
			buildConfigurations = (
				A9C0DE5521341AD40024C21A /* Debug */,
				A9C0DE5621341AD40024C21A /* Release */,
			);
			defaultConfigurationIsVisible = 0;
			defaultConfigurationName = Release;
		};
		A9C0DE5721341AD40024C21A /* Build configuration list for PBXNativeTarget "ExchangePlatform" */ = {
			isa = XCConfigurationList;
			buildConfigurations = (
				A9C0DE5821341AD40024C21A /* Debug */,
				A9C0DE5921341AD40024C21A /* Release */,
			);
			defaultConfigurationIsVisible = 0;
			defaultConfigurationName = Release;
		};
/* End XCConfigurationList section */
	};
	rootObject = A9C0DE3B21341ACF0024C21A /* Project object */;
}
